Microsoft Visual Studio Solution File, Format Version 8.00
Project("{8BC9CEB8-8B4A-11D0-8D11-00A0C91BC942}") = "ab", "ab.vcproj", "{8B001A25-56F3-44F2-A65B-284A4CDAC890}"
	ProjectSection(ProjectDependencies) = postProject
	EndProjectSection
EndProject
Global
	GlobalSection(SolutionConfiguration) = preSolution
		Debug = Debug
		Release = Release
	EndGlobalSection
	GlobalSection(ProjectConfiguration) = postSolution
		{8B001A25-56F3-44F2-A65B-284A4CDAC890}.Debug.ActiveCfg = Debug|Win32
		{8B001A25-56F3-44F2-A65B-284A4CDAC890}.Debug.Build.0 = Debug|Win32
		{8B001A25-56F3-44F2-A65B-284A4CDAC890}.Release.ActiveCfg = Release|Win32
		{8B001A25-56F3-44F2-A65B-284A4CDAC890}.Release.Build.0 = Release|Win32
	EndGlobalSection
	GlobalSection(ExtensibilityGlobals) = postSolution
	EndGlobalSection
	GlobalSection(ExtensibilityAddIns) = postSolution
	EndGlobalSection
EndGlobal
